
Microsoft Visual Studio Solution File, Format Version 12.00
# Visual Studio Version 17
VisualStudioVersion = 17.0.31919.166
MinimumVisualStudioVersion = 10.0.40219.1
Project("{9A19103F-16F7-4668-BE54-9A1E7A4F7556}") = "PostSystemAPI.WebApi", "PostSystemAPI\PostSystemAPI.WebApi.csproj", "{F7C09053-020D-4D69-9340-0FFAEF21B5D1}"
EndProject
Project("{FAE04EC0-301F-11D3-BF4B-00C04F79EFBC}") = "PostSystemAPI.DAL", "PostSystemAPI.DAL\PostSystemAPI.DAL.csproj", "{1631096B-D32E-4A3B-967D-CF4EB95F2927}"
EndProject
Global
	GlobalSection(SolutionConfigurationPlatforms) = preSolution
		Debug|Any CPU = Debug|Any CPU
		Release|Any CPU = Release|Any CPU
	EndGlobalSection
	GlobalSection(ProjectConfigurationPlatforms) = postSolution
		{F7C09053-020D-4D69-9340-0FFAEF21B5D1}.Debug|Any CPU.ActiveCfg = Debug|Any CPU
		{F7C09053-020D-4D69-9340-0FFAEF21B5D1}.Debug|Any CPU.Build.0 = Debug|Any CPU
		{F7C09053-020D-4D69-9340-0FFAEF21B5D1}.Release|Any CPU.ActiveCfg = Release|Any CPU
		{F7C09053-020D-4D69-9340-0FFAEF21B5D1}.Release|Any CPU.Build.0 = Release|Any CPU
		{1631096B-D32E-4A3B-967D-CF4EB95F2927}.Debug|Any CPU.ActiveCfg = Debug|Any CPU
		{1631096B-D32E-4A3B-967D-CF4EB95F2927}.Debug|Any CPU.Build.0 = Debug|Any CPU
		{1631096B-D32E-4A3B-967D-CF4EB95F2927}.Release|Any CPU.ActiveCfg = Release|Any CPU
		{1631096B-D32E-4A3B-967D-CF4EB95F2927}.Release|Any CPU.Build.0 = Release|Any CPU
	EndGlobalSection
	GlobalSection(SolutionProperties) = preSolution
		HideSolutionNode = FALSE
	EndGlobalSection
	GlobalSection(ExtensibilityGlobals) = postSolution
		SolutionGuid = {7D3430F1-8D6D-400A-81A4-53D8C756C6DA}
	EndGlobalSection
EndGlobal
